
Microsoft Visual Studio Solution File, Format Version 12.00
# Visual Studio 14
VisualStudioVersion = 14.0.25420.1
MinimumVisualStudioVersion = 10.0.40219.1
Project("{8BC9CEB8-8B4A-11D0-8D11-00A0C91BC942}") = "CppFunctionPointers", "CppFunctionPointers\CppFunctionPointers.vcxproj", "{15CB6345-C2BD-42AA-A9C1-7DBC178B51AC}"
EndProject
Project("{FAE04EC0-301F-11D3-BF4B-00C04F79EFBC}") = "StrategyCs", "StrategyCs\StrategyCs.csproj", "{A2B06AAD-53D6-4CA0-809E-C822B30DF7B4}"
EndProject
Project("{F2A71F9B-5D33-465A-A702-920D77279786}") = "StrategyFs", "StrategyFs\StrategyFs.fsproj", "{83C4496B-7C87-433E-A9DB-AC994CA6DCA4}"
EndProject
Project("{FAE04EC0-301F-11D3-BF4B-00C04F79EFBC}") = "Strategy2Cs", "Strategy2Cs\Strategy2Cs.csproj", "{7DA36617-FF57-40BC-9B14-BA78BA034CDD}"
EndProject
Project("{F2A71F9B-5D33-465A-A702-920D77279786}") = "Strategy2Fs", "Strategy2Fs\Strategy2Fs.fsproj", "{D96DBBF1-BF73-4A61-BABC-71600DDCCDCF}"
EndProject
Project("{FAE04EC0-301F-11D3-BF4B-00C04F79EFBC}") = "TemplateMethodCs", "TemplateMethodCs\TemplateMethodCs.csproj", "{0B614127-0B80-4A5A-9100-1F08B16A02EA}"
EndProject
Project("{F2A71F9B-5D33-465A-A702-920D77279786}") = "TemplateMethodFs", "TemplateMethodFs\TemplateMethodFs.fsproj", "{96E30663-2C3A-4A96-AF18-3C0FF75DB14E}"
EndProject
Project("{FAE04EC0-301F-11D3-BF4B-00C04F79EFBC}") = "DependencyInjectionCs", "DependencyInjectionCs\DependencyInjectionCs.csproj", "{C025F3C7-F9D1-4942-A095-A1D431A3C3C9}"
EndProject
Project("{F2A71F9B-5D33-465A-A702-920D77279786}") = "DependencyInjectionFs", "DependencyInjectionFs\DependencyInjectionFs.fsproj", "{26606724-5537-467D-AD9E-287331B040F1}"
EndProject
Project("{F2A71F9B-5D33-465A-A702-920D77279786}") = "StateFs", "StateFs\StateFs.fsproj", "{64BE3358-21EA-47FD-9B7C-876B0C9DD245}"
EndProject
Project("{FAE04EC0-301F-11D3-BF4B-00C04F79EFBC}") = "StateCs", "StateCs\StateCs.csproj", "{6D0D4091-9879-4BA7-BB1D-8663C3CA96A2}"
EndProject
Global
	GlobalSection(SolutionConfigurationPlatforms) = preSolution
		Debug|Any CPU = Debug|Any CPU
		Debug|x64 = Debug|x64
		Debug|x86 = Debug|x86
		Release|Any CPU = Release|Any CPU
		Release|x64 = Release|x64
		Release|x86 = Release|x86
	EndGlobalSection
	GlobalSection(ProjectConfigurationPlatforms) = postSolution
		{15CB6345-C2BD-42AA-A9C1-7DBC178B51AC}.Debug|Any CPU.ActiveCfg = Debug|Win32
		{15CB6345-C2BD-42AA-A9C1-7DBC178B51AC}.Debug|x64.ActiveCfg = Debug|x64
		{15CB6345-C2BD-42AA-A9C1-7DBC178B51AC}.Debug|x64.Build.0 = Debug|x64
		{15CB6345-C2BD-42AA-A9C1-7DBC178B51AC}.Debug|x86.ActiveCfg = Debug|Win32
		{15CB6345-C2BD-42AA-A9C1-7DBC178B51AC}.Debug|x86.Build.0 = Debug|Win32
		{15CB6345-C2BD-42AA-A9C1-7DBC178B51AC}.Release|Any CPU.ActiveCfg = Release|Win32
		{15CB6345-C2BD-42AA-A9C1-7DBC178B51AC}.Release|x64.ActiveCfg = Release|x64
		{15CB6345-C2BD-42AA-A9C1-7DBC178B51AC}.Release|x64.Build.0 = Release|x64
		{15CB6345-C2BD-42AA-A9C1-7DBC178B51AC}.Release|x86.ActiveCfg = Release|Win32
		{15CB6345-C2BD-42AA-A9C1-7DBC178B51AC}.Release|x86.Build.0 = Release|Win32
		{A2B06AAD-53D6-4CA0-809E-C822B30DF7B4}.Debug|Any CPU.ActiveCfg = Debug|Any CPU
		{A2B06AAD-53D6-4CA0-809E-C822B30DF7B4}.Debug|Any CPU.Build.0 = Debug|Any CPU
		{A2B06AAD-53D6-4CA0-809E-C822B30DF7B4}.Debug|x64.ActiveCfg = Debug|Any CPU
		{A2B06AAD-53D6-4CA0-809E-C822B30DF7B4}.Debug|x64.Build.0 = Debug|Any CPU
		{A2B06AAD-53D6-4CA0-809E-C822B30DF7B4}.Debug|x86.ActiveCfg = Debug|Any CPU
		{A2B06AAD-53D6-4CA0-809E-C822B30DF7B4}.Debug|x86.Build.0 = Debug|Any CPU
		{A2B06AAD-53D6-4CA0-809E-C822B30DF7B4}.Release|Any CPU.ActiveCfg = Release|Any CPU
		{A2B06AAD-53D6-4CA0-809E-C822B30DF7B4}.Release|Any CPU.Build.0 = Release|Any CPU
		{A2B06AAD-53D6-4CA0-809E-C822B30DF7B4}.Release|x64.ActiveCfg = Release|Any CPU
		{A2B06AAD-53D6-4CA0-809E-C822B30DF7B4}.Release|x64.Build.0 = Release|Any CPU
		{A2B06AAD-53D6-4CA0-809E-C822B30DF7B4}.Release|x86.ActiveCfg = Release|Any CPU
		{A2B06AAD-53D6-4CA0-809E-C822B30DF7B4}.Release|x86.Build.0 = Release|Any CPU
		{83C4496B-7C87-433E-A9DB-AC994CA6DCA4}.Debug|Any CPU.ActiveCfg = Debug|Any CPU
		{83C4496B-7C87-433E-A9DB-AC994CA6DCA4}.Debug|Any CPU.Build.0 = Debug|Any CPU
		{83C4496B-7C87-433E-A9DB-AC994CA6DCA4}.Debug|x64.ActiveCfg = Debug|Any CPU
		{83C4496B-7C87-433E-A9DB-AC994CA6DCA4}.Debug|x64.Build.0 = Debug|Any CPU
		{83C4496B-7C87-433E-A9DB-AC994CA6DCA4}.Debug|x86.ActiveCfg = Debug|Any CPU
		{83C4496B-7C87-433E-A9DB-AC994CA6DCA4}.Debug|x86.Build.0 = Debug|Any CPU
		{83C4496B-7C87-433E-A9DB-AC994CA6DCA4}.Release|Any CPU.ActiveCfg = Release|Any CPU
		{83C4496B-7C87-433E-A9DB-AC994CA6DCA4}.Release|Any CPU.Build.0 = Release|Any CPU
		{83C4496B-7C87-433E-A9DB-AC994CA6DCA4}.Release|x64.ActiveCfg = Release|Any CPU
		{83C4496B-7C87-433E-A9DB-AC994CA6DCA4}.Release|x64.Build.0 = Release|Any CPU
		{83C4496B-7C87-433E-A9DB-AC994CA6DCA4}.Release|x86.ActiveCfg = Release|Any CPU
		{83C4496B-7C87-433E-A9DB-AC994CA6DCA4}.Release|x86.Build.0 = Release|Any CPU
		{7DA36617-FF57-40BC-9B14-BA78BA034CDD}.Debug|Any CPU.ActiveCfg = Debug|Any CPU
		{7DA36617-FF57-40BC-9B14-BA78BA034CDD}.Debug|Any CPU.Build.0 = Debug|Any CPU
		{7DA36617-FF57-40BC-9B14-BA78BA034CDD}.Debug|x64.ActiveCfg = Debug|Any CPU
		{7DA36617-FF57-40BC-9B14-BA78BA034CDD}.Debug|x64.Build.0 = Debug|Any CPU
		{7DA36617-FF57-40BC-9B14-BA78BA034CDD}.Debug|x86.ActiveCfg = Debug|Any CPU
		{7DA36617-FF57-40BC-9B14-BA78BA034CDD}.Debug|x86.Build.0 = Debug|Any CPU
		{7DA36617-FF57-40BC-9B14-BA78BA034CDD}.Release|Any CPU.ActiveCfg = Release|Any CPU
		{7DA36617-FF57-40BC-9B14-BA78BA034CDD}.Release|Any CPU.Build.0 = Release|Any CPU
		{7DA36617-FF57-40BC-9B14-BA78BA034CDD}.Release|x64.ActiveCfg = Release|Any CPU
		{7DA36617-FF57-40BC-9B14-BA78BA034CDD}.Release|x64.Build.0 = Release|Any CPU
		{7DA36617-FF57-40BC-9B14-BA78BA034CDD}.Release|x86.ActiveCfg = Release|Any CPU
		{7DA36617-FF57-40BC-9B14-BA78BA034CDD}.Release|x86.Build.0 = Release|Any CPU
		{D96DBBF1-BF73-4A61-BABC-71600DDCCDCF}.Debug|Any CPU.ActiveCfg = Debug|Any CPU
		{D96DBBF1-BF73-4A61-BABC-71600DDCCDCF}.Debug|Any CPU.Build.0 = Debug|Any CPU
		{D96DBBF1-BF73-4A61-BABC-71600DDCCDCF}.Debug|x64.ActiveCfg = Debug|Any CPU
		{D96DBBF1-BF73-4A61-BABC-71600DDCCDCF}.Debug|x64.Build.0 = Debug|Any CPU
		{D96DBBF1-BF73-4A61-BABC-71600DDCCDCF}.Debug|x86.ActiveCfg = Debug|Any CPU
		{D96DBBF1-BF73-4A61-BABC-71600DDCCDCF}.Debug|x86.Build.0 = Debug|Any CPU
		{D96DBBF1-BF73-4A61-BABC-71600DDCCDCF}.Release|Any CPU.ActiveCfg = Release|Any CPU
		{D96DBBF1-BF73-4A61-BABC-71600DDCCDCF}.Release|Any CPU.Build.0 = Release|Any CPU
		{D96DBBF1-BF73-4A61-BABC-71600DDCCDCF}.Release|x64.ActiveCfg = Release|Any CPU
		{D96DBBF1-BF73-4A61-BABC-71600DDCCDCF}.Release|x64.Build.0 = Release|Any CPU
		{D96DBBF1-BF73-4A61-BABC-71600DDCCDCF}.Release|x86.ActiveCfg = Release|Any CPU
		{D96DBBF1-BF73-4A61-BABC-71600DDCCDCF}.Release|x86.Build.0 = Release|Any CPU
		{0B614127-0B80-4A5A-9100-1F08B16A02EA}.Debug|Any CPU.ActiveCfg = Debug|Any CPU
		{0B614127-0B80-4A5A-9100-1F08B16A02EA}.Debug|Any CPU.Build.0 = Debug|Any CPU
		{0B614127-0B80-4A5A-9100-1F08B16A02EA}.Debug|x64.ActiveCfg = Debug|Any CPU
		{0B614127-0B80-4A5A-9100-1F08B16A02EA}.Debug|x64.Build.0 = Debug|Any CPU
		{0B614127-0B80-4A5A-9100-1F08B16A02EA}.Debug|x86.ActiveCfg = Debug|Any CPU
		{0B614127-0B80-4A5A-9100-1F08B16A02EA}.Debug|x86.Build.0 = Debug|Any CPU
		{0B614127-0B80-4A5A-9100-1F08B16A02EA}.Release|Any CPU.ActiveCfg = Release|Any CPU
		{0B614127-0B80-4A5A-9100-1F08B16A02EA}.Release|Any CPU.Build.0 = Release|Any CPU
		{0B614127-0B80-4A5A-9100-1F08B16A02EA}.Release|x64.ActiveCfg = Release|Any CPU
		{0B614127-0B80-4A5A-9100-1F08B16A02EA}.Release|x64.Build.0 = Release|Any CPU
		{0B614127-0B80-4A5A-9100-1F08B16A02EA}.Release|x86.ActiveCfg = Release|Any CPU
		{0B614127-0B80-4A5A-9100-1F08B16A02EA}.Release|x86.Build.0 = Release|Any CPU
		{96E30663-2C3A-4A96-AF18-3C0FF75DB14E}.Debug|Any CPU.ActiveCfg = Debug|Any CPU
		{96E30663-2C3A-4A96-AF18-3C0FF75DB14E}.Debug|Any CPU.Build.0 = Debug|Any CPU
		{96E30663-2C3A-4A96-AF18-3C0FF75DB14E}.Debug|x64.ActiveCfg = Debug|Any CPU
		{96E30663-2C3A-4A96-AF18-3C0FF75DB14E}.Debug|x64.Build.0 = Debug|Any CPU
		{96E30663-2C3A-4A96-AF18-3C0FF75DB14E}.Debug|x86.ActiveCfg = Debug|Any CPU
		{96E30663-2C3A-4A96-AF18-3C0FF75DB14E}.Debug|x86.Build.0 = Debug|Any CPU
		{96E30663-2C3A-4A96-AF18-3C0FF75DB14E}.Release|Any CPU.ActiveCfg = Release|Any CPU
		{96E30663-2C3A-4A96-AF18-3C0FF75DB14E}.Release|Any CPU.Build.0 = Release|Any CPU
		{96E30663-2C3A-4A96-AF18-3C0FF75DB14E}.Release|x64.ActiveCfg = Release|Any CPU
		{96E30663-2C3A-4A96-AF18-3C0FF75DB14E}.Release|x64.Build.0 = Release|Any CPU
		{96E30663-2C3A-4A96-AF18-3C0FF75DB14E}.Release|x86.ActiveCfg = Release|Any CPU
		{96E30663-2C3A-4A96-AF18-3C0FF75DB14E}.Release|x86.Build.0 = Release|Any CPU
		{C025F3C7-F9D1-4942-A095-A1D431A3C3C9}.Debug|Any CPU.ActiveCfg = Debug|Any CPU
		{C025F3C7-F9D1-4942-A095-A1D431A3C3C9}.Debug|Any CPU.Build.0 = Debug|Any CPU
		{C025F3C7-F9D1-4942-A095-A1D431A3C3C9}.Debug|x64.ActiveCfg = Debug|Any CPU
		{C025F3C7-F9D1-4942-A095-A1D431A3C3C9}.Debug|x64.Build.0 = Debug|Any CPU
		{C025F3C7-F9D1-4942-A095-A1D431A3C3C9}.Debug|x86.ActiveCfg = Debug|Any CPU
		{C025F3C7-F9D1-4942-A095-A1D431A3C3C9}.Debug|x86.Build.0 = Debug|Any CPU
		{C025F3C7-F9D1-4942-A095-A1D431A3C3C9}.Release|Any CPU.ActiveCfg = Release|Any CPU
		{C025F3C7-F9D1-4942-A095-A1D431A3C3C9}.Release|Any CPU.Build.0 = Release|Any CPU
		{C025F3C7-F9D1-4942-A095-A1D431A3C3C9}.Release|x64.ActiveCfg = Release|Any CPU
		{C025F3C7-F9D1-4942-A095-A1D431A3C3C9}.Release|x64.Build.0 = Release|Any CPU
		{C025F3C7-F9D1-4942-A095-A1D431A3C3C9}.Release|x86.ActiveCfg = Release|Any CPU
		{C025F3C7-F9D1-4942-A095-A1D431A3C3C9}.Release|x86.Build.0 = Release|Any CPU
		{26606724-5537-467D-AD9E-287331B040F1}.Debug|Any CPU.ActiveCfg = Debug|Any CPU
		{26606724-5537-467D-AD9E-287331B040F1}.Debug|Any CPU.Build.0 = Debug|Any CPU
		{26606724-5537-467D-AD9E-287331B040F1}.Debug|x64.ActiveCfg = Debug|Any CPU
		{26606724-5537-467D-AD9E-287331B040F1}.Debug|x64.Build.0 = Debug|Any CPU
		{26606724-5537-467D-AD9E-287331B040F1}.Debug|x86.ActiveCfg = Debug|Any CPU
		{26606724-5537-467D-AD9E-287331B040F1}.Debug|x86.Build.0 = Debug|Any CPU
		{26606724-5537-467D-AD9E-287331B040F1}.Release|Any CPU.ActiveCfg = Release|Any CPU
		{26606724-5537-467D-AD9E-287331B040F1}.Release|Any CPU.Build.0 = Release|Any CPU
		{26606724-5537-467D-AD9E-287331B040F1}.Release|x64.ActiveCfg = Release|Any CPU
		{26606724-5537-467D-AD9E-287331B040F1}.Release|x64.Build.0 = Release|Any CPU
		{26606724-5537-467D-AD9E-287331B040F1}.Release|x86.ActiveCfg = Release|Any CPU
		{26606724-5537-467D-AD9E-287331B040F1}.Release|x86.Build.0 = Release|Any CPU
		{64BE3358-21EA-47FD-9B7C-876B0C9DD245}.Debug|Any CPU.ActiveCfg = Debug|Any CPU
		{64BE3358-21EA-47FD-9B7C-876B0C9DD245}.Debug|Any CPU.Build.0 = Debug|Any CPU
		{64BE3358-21EA-47FD-9B7C-876B0C9DD245}.Debug|x64.ActiveCfg = Debug|Any CPU
		{64BE3358-21EA-47FD-9B7C-876B0C9DD245}.Debug|x64.Build.0 = Debug|Any CPU
		{64BE3358-21EA-47FD-9B7C-876B0C9DD245}.Debug|x86.ActiveCfg = Debug|Any CPU
		{64BE3358-21EA-47FD-9B7C-876B0C9DD245}.Debug|x86.Build.0 = Debug|Any CPU
		{64BE3358-21EA-47FD-9B7C-876B0C9DD245}.Release|Any CPU.ActiveCfg = Release|Any CPU
		{64BE3358-21EA-47FD-9B7C-876B0C9DD245}.Release|Any CPU.Build.0 = Release|Any CPU
		{64BE3358-21EA-47FD-9B7C-876B0C9DD245}.Release|x64.ActiveCfg = Release|Any CPU
		{64BE3358-21EA-47FD-9B7C-876B0C9DD245}.Release|x64.Build.0 = Release|Any CPU
		{64BE3358-21EA-47FD-9B7C-876B0C9DD245}.Release|x86.ActiveCfg = Release|Any CPU
		{64BE3358-21EA-47FD-9B7C-876B0C9DD245}.Release|x86.Build.0 = Release|Any CPU
		{6D0D4091-9879-4BA7-BB1D-8663C3CA96A2}.Debug|Any CPU.ActiveCfg = Debug|Any CPU
		{6D0D4091-9879-4BA7-BB1D-8663C3CA96A2}.Debug|Any CPU.Build.0 = Debug|Any CPU
		{6D0D4091-9879-4BA7-BB1D-8663C3CA96A2}.Debug|x64.ActiveCfg = Debug|Any CPU
		{6D0D4091-9879-4BA7-BB1D-8663C3CA96A2}.Debug|x64.Build.0 = Debug|Any CPU
		{6D0D4091-9879-4BA7-BB1D-8663C3CA96A2}.Debug|x86.ActiveCfg = Debug|Any CPU
		{6D0D4091-9879-4BA7-BB1D-8663C3CA96A2}.Debug|x86.Build.0 = Debug|Any CPU
		{6D0D4091-9879-4BA7-BB1D-8663C3CA96A2}.Release|Any CPU.ActiveCfg = Release|Any CPU
		{6D0D4091-9879-4BA7-BB1D-8663C3CA96A2}.Release|Any CPU.Build.0 = Release|Any CPU
		{6D0D4091-9879-4BA7-BB1D-8663C3CA96A2}.Release|x64.ActiveCfg = Release|Any CPU
		{6D0D4091-9879-4BA7-BB1D-8663C3CA96A2}.Release|x64.Build.0 = Release|Any CPU
		{6D0D4091-9879-4BA7-BB1D-8663C3CA96A2}.Release|x86.ActiveCfg = Release|Any CPU
		{6D0D4091-9879-4BA7-BB1D-8663C3CA96A2}.Release|x86.Build.0 = Release|Any CPU
	EndGlobalSection
	GlobalSection(SolutionProperties) = preSolution
		HideSolutionNode = FALSE
	EndGlobalSection
EndGlobal
